
Microsoft Visual Studio Solution File, Format Version 12.00
# Visual Studio Version 16
VisualStudioVersion = 16.0.31729.503
MinimumVisualStudioVersion = 10.0.40219.1
Project("{9A19103F-16F7-4668-BE54-9A1E7A4F7556}") = "Models", "Models\Models.csproj", "{42E916B8-4B14-46CA-A630-CFD204BDEBED}"
EndProject
Project("{9A19103F-16F7-4668-BE54-9A1E7A4F7556}") = "Interfaces", "Interfaces\Interfaces.csproj", "{2A845E71-8760-40B5-9BAA-A509DF0FF4F8}"
EndProject
Project("{9A19103F-16F7-4668-BE54-9A1E7A4F7556}") = "Log.Interface", "Log.Interface\Log.Interface.csproj", "{4D9CBB61-6D1B-4299-A465-E08CB1989A98}"
EndProject
Project("{9A19103F-16F7-4668-BE54-9A1E7A4F7556}") = "Business", "Business\Business.csproj", "{62A11507-4C46-4F34-B5F9-86999BE608BB}"
EndProject
Project("{9A19103F-16F7-4668-BE54-9A1E7A4F7556}") = "TestSimpleHooks", "TestSimpleHooks\TestSimpleHooks.csproj", "{16B950B7-DACD-407C-BBA3-D06801746F56}"
EndProject
Project("{9A19103F-16F7-4668-BE54-9A1E7A4F7556}") = "Log.Console", "Log.Console\Log.Console.csproj", "{34DB252C-2D75-4EC3-AF6C-93B2B5A020BE}"
EndProject
Project("{9A19103F-16F7-4668-BE54-9A1E7A4F7556}") = "HttpClient.Interface", "HttpClient.Interface\HttpClient.Interface.csproj", "{29FD3DD8-C9E1-477A-AA7C-CB0C87CD72F9}"
EndProject
Project("{2150E333-8FDC-42A3-9474-1A3956D46DE8}") = "SQL", "SQL", "{00940EB9-7B57-40A8-93D6-CC5FE0646424}"
EndProject
Project("{2150E333-8FDC-42A3-9474-1A3956D46DE8}") = "Tables", "Tables", "{C1323CA7-0ACA-4BAA-8CD7-672B7C9974D9}"
	ProjectSection(SolutionItems) = preProject
		SQL\Tables\dbo.AppOption.Table.sql = SQL\Tables\dbo.AppOption.Table.sql
		SQL\Tables\dbo.EventDefinition.Table.sql = SQL\Tables\dbo.EventDefinition.Table.sql
		SQL\Tables\dbo.EventDefinition_ListenerDefinition.Table.sql = SQL\Tables\dbo.EventDefinition_ListenerDefinition.Table.sql
		SQL\Tables\dbo.EventInstance.Table.sql = SQL\Tables\dbo.EventInstance.Table.sql
		SQL\Tables\dbo.EventInstanceStatus.Table.sql = SQL\Tables\dbo.EventInstanceStatus.Table.sql
		SQL\Tables\dbo.ListenerDefinition.Table.sql = SQL\Tables\dbo.ListenerDefinition.Table.sql
		SQL\Tables\dbo.ListenerInstance.Table.sql = SQL\Tables\dbo.ListenerInstance.Table.sql
		SQL\Tables\dbo.ListenerInstanceStatus.Table.sql = SQL\Tables\dbo.ListenerInstanceStatus.Table.sql
		SQL\Tables\LogTypes.Table.sql = SQL\Tables\LogTypes.Table.sql
		SQL\Tables\SimpleHooks_Log.Table.sql = SQL\Tables\SimpleHooks_Log.Table.sql
	EndProjectSection
EndProject
Project("{2150E333-8FDC-42A3-9474-1A3956D46DE8}") = "StoredProcedures", "StoredProcedures", "{C5C3F890-666D-464C-86ED-ECC2F0748625}"
	ProjectSection(SolutionItems) = preProject
		SQL\StoredProcedures\AppOption_GetAll.Procedure.sql = SQL\StoredProcedures\AppOption_GetAll.Procedure.sql
		SQL\StoredProcedures\EventDefinition_GetAll.Procedure.sql = SQL\StoredProcedures\EventDefinition_GetAll.Procedure.sql
		SQL\StoredProcedures\EventDefinition_ListenerDefinition_GetAll.Procedure.sql = SQL\StoredProcedures\EventDefinition_ListenerDefinition_GetAll.Procedure.sql
		SQL\StoredProcedures\EventInstance_Add.Procedure.sql = SQL\StoredProcedures\EventInstance_Add.Procedure.sql
		SQL\StoredProcedures\EventInstance_Edit.Procedure.sql = SQL\StoredProcedures\EventInstance_Edit.Procedure.sql
		SQL\StoredProcedures\EventInstance_GetNotProcessed.Procedure.sql = SQL\StoredProcedures\EventInstance_GetNotProcessed.Procedure.sql
		SQL\StoredProcedures\EventInstance_Remove.Procedure.sql = SQL\StoredProcedures\EventInstance_Remove.Procedure.sql
		SQL\StoredProcedures\ListenerDefinition_GetAll.Procedure.sql = SQL\StoredProcedures\ListenerDefinition_GetAll.Procedure.sql
		SQL\StoredProcedures\ListenerInstance_Add.sql = SQL\StoredProcedures\ListenerInstance_Add.sql
		SQL\StoredProcedures\ListenerInstance_Edit.sql = SQL\StoredProcedures\ListenerInstance_Edit.sql
		SQL\StoredProcedures\ListenerInstance_GetByEventInstance_Id.Procedure.sql = SQL\StoredProcedures\ListenerInstance_GetByEventInstance_Id.Procedure.sql
		SQL\StoredProcedures\ListenerInstance_Remove.sql = SQL\StoredProcedures\ListenerInstance_Remove.sql
		SQL\StoredProcedures\SimpleHooks_Log_Add.sql = SQL\StoredProcedures\SimpleHooks_Log_Add.sql
	EndProjectSection
EndProject
Project("{9A19103F-16F7-4668-BE54-9A1E7A4F7556}") = "Repo.SQL", "Repo.SQL\Repo.SQL.csproj", "{9CD688A3-2F96-46D6-8691-29785CB962F5}"
EndProject
Project("{9A19103F-16F7-4668-BE54-9A1E7A4F7556}") = "HttpClient.Simple", "HttpClient.Simple\HttpClient.Simple.csproj", "{355270E4-F212-4ACF-A3EA-79322D7C9171}"
EndProject
Project("{2150E333-8FDC-42A3-9474-1A3956D46DE8}") = "Data", "Data", "{52464637-A9A9-4A94-994D-3C01EA166C72}"
	ProjectSection(SolutionItems) = preProject
		SQL\Data\AppOption-Data.sql = SQL\Data\AppOption-Data.sql
		SQL\Data\EventInstanceStatus-Data.sql = SQL\Data\EventInstanceStatus-Data.sql
		SQL\Data\ListenerInstanceStatus-Data.sql = SQL\Data\ListenerInstanceStatus-Data.sql
		SQL\Data\SimpleHooks_Log-Data.sql = SQL\Data\SimpleHooks_Log-Data.sql
	EndProjectSection
EndProject
Project("{9A19103F-16F7-4668-BE54-9A1E7A4F7556}") = "Log.SQL", "Log.SQL\Log.SQL.csproj", "{9908774C-EF95-48FB-BE10-EC74D17A2D31}"
EndProject
Project("{FAE04EC0-301F-11D3-BF4B-00C04F79EFBC}") = "SimpleHooks.Server", "SimpleHooks.Server\SimpleHooks.Server.csproj", "{DC53C289-33B7-43FE-9891-7B5A90A0B6BD}"
EndProject
Project("{FAE04EC0-301F-11D3-BF4B-00C04F79EFBC}") = "SimpleHooks.Web", "SimpleHooks.Web\SimpleHooks.Web.csproj", "{7F30AB38-F329-4C58-8087-A5B08AFEB380}"
EndProject
Global
	GlobalSection(SolutionConfigurationPlatforms) = preSolution
		Debug|Any CPU = Debug|Any CPU
		Release|Any CPU = Release|Any CPU
	EndGlobalSection
	GlobalSection(ProjectConfigurationPlatforms) = postSolution
		{42E916B8-4B14-46CA-A630-CFD204BDEBED}.Debug|Any CPU.ActiveCfg = Debug|Any CPU
		{42E916B8-4B14-46CA-A630-CFD204BDEBED}.Debug|Any CPU.Build.0 = Debug|Any CPU
		{42E916B8-4B14-46CA-A630-CFD204BDEBED}.Release|Any CPU.ActiveCfg = Release|Any CPU
		{42E916B8-4B14-46CA-A630-CFD204BDEBED}.Release|Any CPU.Build.0 = Release|Any CPU
		{2A845E71-8760-40B5-9BAA-A509DF0FF4F8}.Debug|Any CPU.ActiveCfg = Debug|Any CPU
		{2A845E71-8760-40B5-9BAA-A509DF0FF4F8}.Debug|Any CPU.Build.0 = Debug|Any CPU
		{2A845E71-8760-40B5-9BAA-A509DF0FF4F8}.Release|Any CPU.ActiveCfg = Release|Any CPU
		{2A845E71-8760-40B5-9BAA-A509DF0FF4F8}.Release|Any CPU.Build.0 = Release|Any CPU
		{4D9CBB61-6D1B-4299-A465-E08CB1989A98}.Debug|Any CPU.ActiveCfg = Debug|Any CPU
		{4D9CBB61-6D1B-4299-A465-E08CB1989A98}.Debug|Any CPU.Build.0 = Debug|Any CPU
		{4D9CBB61-6D1B-4299-A465-E08CB1989A98}.Release|Any CPU.ActiveCfg = Release|Any CPU
		{4D9CBB61-6D1B-4299-A465-E08CB1989A98}.Release|Any CPU.Build.0 = Release|Any CPU
		{62A11507-4C46-4F34-B5F9-86999BE608BB}.Debug|Any CPU.ActiveCfg = Debug|Any CPU
		{62A11507-4C46-4F34-B5F9-86999BE608BB}.Debug|Any CPU.Build.0 = Debug|Any CPU
		{62A11507-4C46-4F34-B5F9-86999BE608BB}.Release|Any CPU.ActiveCfg = Release|Any CPU
		{62A11507-4C46-4F34-B5F9-86999BE608BB}.Release|Any CPU.Build.0 = Release|Any CPU
		{16B950B7-DACD-407C-BBA3-D06801746F56}.Debug|Any CPU.ActiveCfg = Debug|Any CPU
		{16B950B7-DACD-407C-BBA3-D06801746F56}.Debug|Any CPU.Build.0 = Debug|Any CPU
		{16B950B7-DACD-407C-BBA3-D06801746F56}.Release|Any CPU.ActiveCfg = Release|Any CPU
		{16B950B7-DACD-407C-BBA3-D06801746F56}.Release|Any CPU.Build.0 = Release|Any CPU
		{34DB252C-2D75-4EC3-AF6C-93B2B5A020BE}.Debug|Any CPU.ActiveCfg = Debug|Any CPU
		{34DB252C-2D75-4EC3-AF6C-93B2B5A020BE}.Debug|Any CPU.Build.0 = Debug|Any CPU
		{34DB252C-2D75-4EC3-AF6C-93B2B5A020BE}.Release|Any CPU.ActiveCfg = Release|Any CPU
		{34DB252C-2D75-4EC3-AF6C-93B2B5A020BE}.Release|Any CPU.Build.0 = Release|Any CPU
		{29FD3DD8-C9E1-477A-AA7C-CB0C87CD72F9}.Debug|Any CPU.ActiveCfg = Debug|Any CPU
		{29FD3DD8-C9E1-477A-AA7C-CB0C87CD72F9}.Debug|Any CPU.Build.0 = Debug|Any CPU
		{29FD3DD8-C9E1-477A-AA7C-CB0C87CD72F9}.Release|Any CPU.ActiveCfg = Release|Any CPU
		{29FD3DD8-C9E1-477A-AA7C-CB0C87CD72F9}.Release|Any CPU.Build.0 = Release|Any CPU
		{9CD688A3-2F96-46D6-8691-29785CB962F5}.Debug|Any CPU.ActiveCfg = Debug|Any CPU
		{9CD688A3-2F96-46D6-8691-29785CB962F5}.Debug|Any CPU.Build.0 = Debug|Any CPU
		{9CD688A3-2F96-46D6-8691-29785CB962F5}.Release|Any CPU.ActiveCfg = Release|Any CPU
		{9CD688A3-2F96-46D6-8691-29785CB962F5}.Release|Any CPU.Build.0 = Release|Any CPU
		{355270E4-F212-4ACF-A3EA-79322D7C9171}.Debug|Any CPU.ActiveCfg = Debug|Any CPU
		{355270E4-F212-4ACF-A3EA-79322D7C9171}.Debug|Any CPU.Build.0 = Debug|Any CPU
		{355270E4-F212-4ACF-A3EA-79322D7C9171}.Release|Any CPU.ActiveCfg = Release|Any CPU
		{355270E4-F212-4ACF-A3EA-79322D7C9171}.Release|Any CPU.Build.0 = Release|Any CPU
		{9908774C-EF95-48FB-BE10-EC74D17A2D31}.Debug|Any CPU.ActiveCfg = Debug|Any CPU
		{9908774C-EF95-48FB-BE10-EC74D17A2D31}.Debug|Any CPU.Build.0 = Debug|Any CPU
		{9908774C-EF95-48FB-BE10-EC74D17A2D31}.Release|Any CPU.ActiveCfg = Release|Any CPU
		{9908774C-EF95-48FB-BE10-EC74D17A2D31}.Release|Any CPU.Build.0 = Release|Any CPU
		{DC53C289-33B7-43FE-9891-7B5A90A0B6BD}.Debug|Any CPU.ActiveCfg = Debug|Any CPU
		{DC53C289-33B7-43FE-9891-7B5A90A0B6BD}.Debug|Any CPU.Build.0 = Debug|Any CPU
		{DC53C289-33B7-43FE-9891-7B5A90A0B6BD}.Release|Any CPU.ActiveCfg = Release|Any CPU
		{DC53C289-33B7-43FE-9891-7B5A90A0B6BD}.Release|Any CPU.Build.0 = Release|Any CPU
		{7F30AB38-F329-4C58-8087-A5B08AFEB380}.Debug|Any CPU.ActiveCfg = Debug|Any CPU
		{7F30AB38-F329-4C58-8087-A5B08AFEB380}.Debug|Any CPU.Build.0 = Debug|Any CPU
		{7F30AB38-F329-4C58-8087-A5B08AFEB380}.Release|Any CPU.ActiveCfg = Release|Any CPU
		{7F30AB38-F329-4C58-8087-A5B08AFEB380}.Release|Any CPU.Build.0 = Release|Any CPU
	EndGlobalSection
	GlobalSection(SolutionProperties) = preSolution
		HideSolutionNode = FALSE
	EndGlobalSection
	GlobalSection(NestedProjects) = preSolution
		{C1323CA7-0ACA-4BAA-8CD7-672B7C9974D9} = {00940EB9-7B57-40A8-93D6-CC5FE0646424}
		{C5C3F890-666D-464C-86ED-ECC2F0748625} = {00940EB9-7B57-40A8-93D6-CC5FE0646424}
		{52464637-A9A9-4A94-994D-3C01EA166C72} = {00940EB9-7B57-40A8-93D6-CC5FE0646424}
	EndGlobalSection
	GlobalSection(ExtensibilityGlobals) = postSolution
		SolutionGuid = {019C6500-A05E-4917-85BC-0D9BD2CD2D06}
	EndGlobalSection
EndGlobal
