
Microsoft Visual Studio Solution File, Format Version 12.00
# Visual Studio Version 17
VisualStudioVersion = 17.8.34525.116
MinimumVisualStudioVersion = 10.0.40219.1
Project("{9A19103F-16F7-4668-BE54-9A1E7A4F7556}") = "Models", "Models\Models.csproj", "{42E916B8-4B14-46CA-A630-CFD204BDEBED}"
EndProject
Project("{9A19103F-16F7-4668-BE54-9A1E7A4F7556}") = "Interfaces", "Interfaces\Interfaces.csproj", "{2A845E71-8760-40B5-9BAA-A509DF0FF4F8}"
EndProject
Project("{9A19103F-16F7-4668-BE54-9A1E7A4F7556}") = "Log.Interface", "Log.Interface\Log.Interface.csproj", "{4D9CBB61-6D1B-4299-A465-E08CB1989A98}"
EndProject
Project("{9A19103F-16F7-4668-BE54-9A1E7A4F7556}") = "Business", "Business\Business.csproj", "{62A11507-4C46-4F34-B5F9-86999BE608BB}"
EndProject
Project("{9A19103F-16F7-4668-BE54-9A1E7A4F7556}") = "TestSimpleHooks", "TestSimpleHooks\TestSimpleHooks.csproj", "{16B950B7-DACD-407C-BBA3-D06801746F56}"
EndProject
Project("{9A19103F-16F7-4668-BE54-9A1E7A4F7556}") = "Log.Console", "Log.Console\Log.Console.csproj", "{34DB252C-2D75-4EC3-AF6C-93B2B5A020BE}"
EndProject
Project("{9A19103F-16F7-4668-BE54-9A1E7A4F7556}") = "HttpClient.Interface", "HttpClient.Interface\HttpClient.Interface.csproj", "{29FD3DD8-C9E1-477A-AA7C-CB0C87CD72F9}"
EndProject
Project("{2150E333-8FDC-42A3-9474-1A3956D46DE8}") = "SQL", "SQL", "{00940EB9-7B57-40A8-93D6-CC5FE0646424}"
	ProjectSection(SolutionItems) = preProject
		SQL\operation-all.sql = SQL\operation-all.sql
	EndProjectSection
EndProject
Project("{9A19103F-16F7-4668-BE54-9A1E7A4F7556}") = "Repo.SQL", "Repo.SQL\Repo.SQL.csproj", "{9CD688A3-2F96-46D6-8691-29785CB962F5}"
EndProject
Project("{9A19103F-16F7-4668-BE54-9A1E7A4F7556}") = "HttpClient.Simple", "HttpClient.Simple\HttpClient.Simple.csproj", "{355270E4-F212-4ACF-A3EA-79322D7C9171}"
EndProject
Project("{9A19103F-16F7-4668-BE54-9A1E7A4F7556}") = "Log.SQL", "Log.SQL\Log.SQL.csproj", "{9908774C-EF95-48FB-BE10-EC74D17A2D31}"
EndProject
Project("{9A19103F-16F7-4668-BE54-9A1E7A4F7556}") = "SimpleHooks.Server", "SimpleHooks.Server\SimpleHooks.Server.csproj", "{DC53C289-33B7-43FE-9891-7B5A90A0B6BD}"
EndProject
Project("{9A19103F-16F7-4668-BE54-9A1E7A4F7556}") = "SimpleHooks.Web", "SimpleHooks.Web\SimpleHooks.Web.csproj", "{7F30AB38-F329-4C58-8087-A5B08AFEB380}"
EndProject
Project("{2150E333-8FDC-42A3-9474-1A3956D46DE8}") = "SampleListener", "SampleListener", "{794B3C88-CAF2-476C-B33D-B58E3D89E4C2}"
EndProject
Project("{FAE04EC0-301F-11D3-BF4B-00C04F79EFBC}") = "SampleListenerAPI", "SampleListener\SampleListenerAPI\SampleListenerAPI.csproj", "{90ED138B-5864-4BA8-A923-D4325CE858CF}"
EndProject
Project("{2150E333-8FDC-42A3-9474-1A3956D46DE8}") = "certificates", "certificates", "{78F97D00-706A-4D35-A7AF-7B98393C4EDC}"
	ProjectSection(SolutionItems) = preProject
		certificates\dev.local+4-key.pem = certificates\dev.local+4-key.pem
		certificates\dev.local+4-readme.md = certificates\dev.local+4-readme.md
		certificates\dev.local+4.pem = certificates\dev.local+4.pem
		certificates\dev.local+4.pfx = certificates\dev.local+4.pfx
	EndProjectSection
EndProject
Project("{2150E333-8FDC-42A3-9474-1A3956D46DE8}") = "log-db", "log-db", "{02EA681E-C7D8-13C7-8484-4AC65E1B71E8}"
	ProjectSection(SolutionItems) = preProject
		SQL\log-db\execute-log-schema-data-sql.bat = SQL\log-db\execute-log-schema-data-sql.bat
		SQL\log-db\execute-log-schema-data.sql = SQL\log-db\execute-log-schema-data.sql
	EndProjectSection
EndProject
Project("{2150E333-8FDC-42A3-9474-1A3956D46DE8}") = "operation-db", "operation-db", "{A92EC21D-CB49-4F8D-A19B-F10A1B24571A}"
	ProjectSection(SolutionItems) = preProject
		SQL\operation-db\execute-operation-schema-data-sql.bat = SQL\operation-db\execute-operation-schema-data-sql.bat
		SQL\operation-db\execute-operation-schema-data.sql = SQL\operation-db\execute-operation-schema-data.sql
	EndProjectSection
EndProject
Project("{2150E333-8FDC-42A3-9474-1A3956D46DE8}") = "Data", "Data", "{DC1C82E8-E8C2-42C8-A6F8-3A9FAB48881A}"
	ProjectSection(SolutionItems) = preProject
		SQL\log-db\Data\04-SimpleHooks_Log-Data.sql = SQL\log-db\Data\04-SimpleHooks_Log-Data.sql
	EndProjectSection
EndProject
Project("{2150E333-8FDC-42A3-9474-1A3956D46DE8}") = "StoredProcedures", "StoredProcedures", "{C7472C5F-696F-4D2A-8C73-D908FA2E1E72}"
	ProjectSection(SolutionItems) = preProject
		SQL\log-db\StoredProcedures\SimpleHooks_Log_Add.sql = SQL\log-db\StoredProcedures\SimpleHooks_Log_Add.sql
		Delete_Old_Logs.sql = Delete_Old_Logs.sql
	EndProjectSection
EndProject
Project("{2150E333-8FDC-42A3-9474-1A3956D46DE8}") = "StoredProcedures", "StoredProcedures", "{4638AD46-974F-41D1-BF75-94C4A86836A0}"
	ProjectSection(SolutionItems) = preProject
		SQL\operation-db\StoredProcedures\AppOption_GetAll.Procedure.sql = SQL\operation-db\StoredProcedures\AppOption_GetAll.Procedure.sql
		SQL\operation-db\StoredProcedures\EventDefinition_GetAll.Procedure.sql = SQL\operation-db\StoredProcedures\EventDefinition_GetAll.Procedure.sql
		SQL\operation-db\StoredProcedures\EventDefinition_ListenerDefinition_GetAll.Procedure.sql = SQL\operation-db\StoredProcedures\EventDefinition_ListenerDefinition_GetAll.Procedure.sql
		SQL\operation-db\StoredProcedures\EventInstance_Add.Procedure.sql = SQL\operation-db\StoredProcedures\EventInstance_Add.Procedure.sql
		SQL\operation-db\StoredProcedures\EventInstance_Edit.Procedure.sql = SQL\operation-db\StoredProcedures\EventInstance_Edit.Procedure.sql
		SQL\operation-db\StoredProcedures\EventInstance_GetByBusinessId.Procedure.sql = SQL\operation-db\StoredProcedures\EventInstance_GetByBusinessId.Procedure.sql
		SQL\operation-db\StoredProcedures\EventInstance_GetNotProcessed.Procedure.sql = SQL\operation-db\StoredProcedures\EventInstance_GetNotProcessed.Procedure.sql
		SQL\operation-db\StoredProcedures\EventInstance_GetStatusByBusinessId.Procedure.sql = SQL\operation-db\StoredProcedures\EventInstance_GetStatusByBusinessId.Procedure.sql
		SQL\operation-db\StoredProcedures\EventInstance_Remove.Procedure.sql = SQL\operation-db\StoredProcedures\EventInstance_Remove.Procedure.sql
		SQL\operation-db\StoredProcedures\ListenerDefinition_GetAll.Procedure.sql = SQL\operation-db\StoredProcedures\ListenerDefinition_GetAll.Procedure.sql
		SQL\operation-db\StoredProcedures\ListenerInstance_Add.sql = SQL\operation-db\StoredProcedures\ListenerInstance_Add.sql
		SQL\operation-db\StoredProcedures\ListenerInstance_Edit.sql = SQL\operation-db\StoredProcedures\ListenerInstance_Edit.sql
		SQL\operation-db\StoredProcedures\ListenerInstance_GetByEventInstance_Id.Procedure.sql = SQL\operation-db\StoredProcedures\ListenerInstance_GetByEventInstance_Id.Procedure.sql
		SQL\operation-db\StoredProcedures\ListenerInstance_Remove.sql = SQL\operation-db\StoredProcedures\ListenerInstance_Remove.sql
		SQL\operation-db\StoredProcedures\Support_RetryFailedEvent.sql = SQL\operation-db\StoredProcedures\Support_RetryFailedEvent.sql
	EndProjectSection
EndProject
Project("{2150E333-8FDC-42A3-9474-1A3956D46DE8}") = "Data", "Data", "{94F0E907-C062-432E-9528-0F8DCE07518C}"
	ProjectSection(SolutionItems) = preProject
		SQL\operation-db\Data\01-AppOption-Data.sql = SQL\operation-db\Data\01-AppOption-Data.sql
		SQL\operation-db\Data\02-EventInstanceStatus-Data.sql = SQL\operation-db\Data\02-EventInstanceStatus-Data.sql
		SQL\operation-db\Data\03-ListenerInstanceStatus-Data.sql = SQL\operation-db\Data\03-ListenerInstanceStatus-Data.sql
		SQL\operation-db\Data\05-sample-data.sql = SQL\operation-db\Data\05-sample-data.sql
	EndProjectSection
EndProject
Project("{2150E333-8FDC-42A3-9474-1A3956D46DE8}") = "Tables", "Tables", "{92118DE2-EDB8-4714-B20A-733192F9CE9B}"
	ProjectSection(SolutionItems) = preProject
		SQL\operation-db\Tables\03-dbo.ListenerInstanceStatus.Table.sql = SQL\operation-db\Tables\03-dbo.ListenerInstanceStatus.Table.sql
		SQL\operation-db\Tables\04-dbo.ListenerDefinition.Table.sql = SQL\operation-db\Tables\04-dbo.ListenerDefinition.Table.sql
		SQL\operation-db\Tables\05-dbo.EventInstanceStatus.Table.sql = SQL\operation-db\Tables\05-dbo.EventInstanceStatus.Table.sql
		SQL\operation-db\Tables\06-dbo.EventDefinition.Table.sql = SQL\operation-db\Tables\06-dbo.EventDefinition.Table.sql
		SQL\operation-db\Tables\07-dbo.EventDefinition_ListenerDefinition.Table.sql = SQL\operation-db\Tables\07-dbo.EventDefinition_ListenerDefinition.Table.sql
		SQL\operation-db\Tables\08-dbo.EventInstance.Table.sql = SQL\operation-db\Tables\08-dbo.EventInstance.Table.sql
		SQL\operation-db\Tables\09-dbo.ListenerInstance.Table.sql = SQL\operation-db\Tables\09-dbo.ListenerInstance.Table.sql
		SQL\operation-db\Tables\10-dbo.AppOption.Table.sql = SQL\operation-db\Tables\10-dbo.AppOption.Table.sql
	EndProjectSection
EndProject
Project("{2150E333-8FDC-42A3-9474-1A3956D46DE8}") = "Tables", "Tables", "{26A32D69-D5FD-4CD3-9411-E419DAA1781A}"
	ProjectSection(SolutionItems) = preProject
		SQL\log-db\Tables\01-LogTypes.Table.sql = SQL\log-db\Tables\01-LogTypes.Table.sql
		SQL\log-db\Tables\02-SimpleHooks_Log.Table.sql = SQL\log-db\Tables\02-SimpleHooks_Log.Table.sql
	EndProjectSection
EndProject
Project("{FAE04EC0-301F-11D3-BF4B-00C04F79EFBC}") = "TriggerEventHelper", "TriggerEventHelper\TriggerEventHelper.csproj", "{2D3EEA0A-0789-893C-6136-A2B6E917B749}"
EndProject
Global
	GlobalSection(SolutionConfigurationPlatforms) = preSolution
		Debug|Any CPU = Debug|Any CPU
		Release|Any CPU = Release|Any CPU
	EndGlobalSection
	GlobalSection(ProjectConfigurationPlatforms) = postSolution
		{42E916B8-4B14-46CA-A630-CFD204BDEBED}.Debug|Any CPU.ActiveCfg = Debug|Any CPU
		{42E916B8-4B14-46CA-A630-CFD204BDEBED}.Debug|Any CPU.Build.0 = Debug|Any CPU
		{42E916B8-4B14-46CA-A630-CFD204BDEBED}.Release|Any CPU.ActiveCfg = Release|Any CPU
		{42E916B8-4B14-46CA-A630-CFD204BDEBED}.Release|Any CPU.Build.0 = Release|Any CPU
		{2A845E71-8760-40B5-9BAA-A509DF0FF4F8}.Debug|Any CPU.ActiveCfg = Debug|Any CPU
		{2A845E71-8760-40B5-9BAA-A509DF0FF4F8}.Debug|Any CPU.Build.0 = Debug|Any CPU
		{2A845E71-8760-40B5-9BAA-A509DF0FF4F8}.Release|Any CPU.ActiveCfg = Release|Any CPU
		{2A845E71-8760-40B5-9BAA-A509DF0FF4F8}.Release|Any CPU.Build.0 = Release|Any CPU
		{4D9CBB61-6D1B-4299-A465-E08CB1989A98}.Debug|Any CPU.ActiveCfg = Debug|Any CPU
		{4D9CBB61-6D1B-4299-A465-E08CB1989A98}.Debug|Any CPU.Build.0 = Debug|Any CPU
		{4D9CBB61-6D1B-4299-A465-E08CB1989A98}.Release|Any CPU.ActiveCfg = Release|Any CPU
		{4D9CBB61-6D1B-4299-A465-E08CB1989A98}.Release|Any CPU.Build.0 = Release|Any CPU
		{62A11507-4C46-4F34-B5F9-86999BE608BB}.Debug|Any CPU.ActiveCfg = Debug|Any CPU
		{62A11507-4C46-4F34-B5F9-86999BE608BB}.Debug|Any CPU.Build.0 = Debug|Any CPU
		{62A11507-4C46-4F34-B5F9-86999BE608BB}.Release|Any CPU.ActiveCfg = Release|Any CPU
		{62A11507-4C46-4F34-B5F9-86999BE608BB}.Release|Any CPU.Build.0 = Release|Any CPU
		{16B950B7-DACD-407C-BBA3-D06801746F56}.Debug|Any CPU.ActiveCfg = Debug|Any CPU
		{16B950B7-DACD-407C-BBA3-D06801746F56}.Debug|Any CPU.Build.0 = Debug|Any CPU
		{16B950B7-DACD-407C-BBA3-D06801746F56}.Release|Any CPU.ActiveCfg = Release|Any CPU
		{16B950B7-DACD-407C-BBA3-D06801746F56}.Release|Any CPU.Build.0 = Release|Any CPU
		{34DB252C-2D75-4EC3-AF6C-93B2B5A020BE}.Debug|Any CPU.ActiveCfg = Debug|Any CPU
		{34DB252C-2D75-4EC3-AF6C-93B2B5A020BE}.Debug|Any CPU.Build.0 = Debug|Any CPU
		{34DB252C-2D75-4EC3-AF6C-93B2B5A020BE}.Release|Any CPU.ActiveCfg = Release|Any CPU
		{34DB252C-2D75-4EC3-AF6C-93B2B5A020BE}.Release|Any CPU.Build.0 = Release|Any CPU
		{29FD3DD8-C9E1-477A-AA7C-CB0C87CD72F9}.Debug|Any CPU.ActiveCfg = Debug|Any CPU
		{29FD3DD8-C9E1-477A-AA7C-CB0C87CD72F9}.Debug|Any CPU.Build.0 = Debug|Any CPU
		{29FD3DD8-C9E1-477A-AA7C-CB0C87CD72F9}.Release|Any CPU.ActiveCfg = Release|Any CPU
		{29FD3DD8-C9E1-477A-AA7C-CB0C87CD72F9}.Release|Any CPU.Build.0 = Release|Any CPU
		{9CD688A3-2F96-46D6-8691-29785CB962F5}.Debug|Any CPU.ActiveCfg = Debug|Any CPU
		{9CD688A3-2F96-46D6-8691-29785CB962F5}.Debug|Any CPU.Build.0 = Debug|Any CPU
		{9CD688A3-2F96-46D6-8691-29785CB962F5}.Release|Any CPU.ActiveCfg = Release|Any CPU
		{9CD688A3-2F96-46D6-8691-29785CB962F5}.Release|Any CPU.Build.0 = Release|Any CPU
		{355270E4-F212-4ACF-A3EA-79322D7C9171}.Debug|Any CPU.ActiveCfg = Debug|Any CPU
		{355270E4-F212-4ACF-A3EA-79322D7C9171}.Debug|Any CPU.Build.0 = Debug|Any CPU
		{355270E4-F212-4ACF-A3EA-79322D7C9171}.Release|Any CPU.ActiveCfg = Release|Any CPU
		{355270E4-F212-4ACF-A3EA-79322D7C9171}.Release|Any CPU.Build.0 = Release|Any CPU
		{9908774C-EF95-48FB-BE10-EC74D17A2D31}.Debug|Any CPU.ActiveCfg = Debug|Any CPU
		{9908774C-EF95-48FB-BE10-EC74D17A2D31}.Debug|Any CPU.Build.0 = Debug|Any CPU
		{9908774C-EF95-48FB-BE10-EC74D17A2D31}.Release|Any CPU.ActiveCfg = Release|Any CPU
		{9908774C-EF95-48FB-BE10-EC74D17A2D31}.Release|Any CPU.Build.0 = Release|Any CPU
		{DC53C289-33B7-43FE-9891-7B5A90A0B6BD}.Debug|Any CPU.ActiveCfg = Debug|Any CPU
		{DC53C289-33B7-43FE-9891-7B5A90A0B6BD}.Debug|Any CPU.Build.0 = Debug|Any CPU
		{DC53C289-33B7-43FE-9891-7B5A90A0B6BD}.Release|Any CPU.ActiveCfg = Release|Any CPU
		{DC53C289-33B7-43FE-9891-7B5A90A0B6BD}.Release|Any CPU.Build.0 = Release|Any CPU
		{7F30AB38-F329-4C58-8087-A5B08AFEB380}.Debug|Any CPU.ActiveCfg = Debug|Any CPU
		{7F30AB38-F329-4C58-8087-A5B08AFEB380}.Debug|Any CPU.Build.0 = Debug|Any CPU
		{7F30AB38-F329-4C58-8087-A5B08AFEB380}.Release|Any CPU.ActiveCfg = Release|Any CPU
		{7F30AB38-F329-4C58-8087-A5B08AFEB380}.Release|Any CPU.Build.0 = Release|Any CPU
		{90ED138B-5864-4BA8-A923-D4325CE858CF}.Debug|Any CPU.ActiveCfg = Debug|Any CPU
		{90ED138B-5864-4BA8-A923-D4325CE858CF}.Debug|Any CPU.Build.0 = Debug|Any CPU
		{90ED138B-5864-4BA8-A923-D4325CE858CF}.Release|Any CPU.ActiveCfg = Release|Any CPU
		{90ED138B-5864-4BA8-A923-D4325CE858CF}.Release|Any CPU.Build.0 = Release|Any CPU
		{2D3EEA0A-0789-893C-6136-A2B6E917B749}.Debug|Any CPU.ActiveCfg = Debug|Any CPU
		{2D3EEA0A-0789-893C-6136-A2B6E917B749}.Debug|Any CPU.Build.0 = Debug|Any CPU
		{2D3EEA0A-0789-893C-6136-A2B6E917B749}.Release|Any CPU.ActiveCfg = Release|Any CPU
		{2D3EEA0A-0789-893C-6136-A2B6E917B749}.Release|Any CPU.Build.0 = Release|Any CPU
	EndGlobalSection
	GlobalSection(SolutionProperties) = preSolution
		HideSolutionNode = FALSE
	EndGlobalSection
	GlobalSection(NestedProjects) = preSolution
		{90ED138B-5864-4BA8-A923-D4325CE858CF} = {794B3C88-CAF2-476C-B33D-B58E3D89E4C2}
		{02EA681E-C7D8-13C7-8484-4AC65E1B71E8} = {00940EB9-7B57-40A8-93D6-CC5FE0646424}
		{A92EC21D-CB49-4F8D-A19B-F10A1B24571A} = {00940EB9-7B57-40A8-93D6-CC5FE0646424}
		{DC1C82E8-E8C2-42C8-A6F8-3A9FAB48881A} = {02EA681E-C7D8-13C7-8484-4AC65E1B71E8}
		{C7472C5F-696F-4D2A-8C73-D908FA2E1E72} = {02EA681E-C7D8-13C7-8484-4AC65E1B71E8}
		{4638AD46-974F-41D1-BF75-94C4A86836A0} = {A92EC21D-CB49-4F8D-A19B-F10A1B24571A}
		{94F0E907-C062-432E-9528-0F8DCE07518C} = {A92EC21D-CB49-4F8D-A19B-F10A1B24571A}
		{92118DE2-EDB8-4714-B20A-733192F9CE9B} = {A92EC21D-CB49-4F8D-A19B-F10A1B24571A}
		{26A32D69-D5FD-4CD3-9411-E419DAA1781A} = {02EA681E-C7D8-13C7-8484-4AC65E1B71E8}
	EndGlobalSection
	GlobalSection(ExtensibilityGlobals) = postSolution
		SolutionGuid = {019C6500-A05E-4917-85BC-0D9BD2CD2D06}
	EndGlobalSection
EndGlobal
